// !$*UTF8*$!
{
	archiveVersion = 1;
	classes = {
	};
	objectVersion = 56;
	objects = {

/* Begin PBXBuildFile section */
		E97018E62A664B8A009289EF /* CryptoListApp.swift in Sources */ = {isa = PBXBuildFile; fileRef = E97018E52A664B8A009289EF /* CryptoListApp.swift */; };
		E97018ED2A664B8C009289EF /* Preview Assets.xcassets in Resources */ = {isa = PBXBuildFile; fileRef = E97018EC2A664B8C009289EF /* Preview Assets.xcassets */; };
		E97018F42A664C8E009289EF /* Assets.xcassets in Resources */ = {isa = PBXBuildFile; fileRef = E97018F32A664C8E009289EF /* Assets.xcassets */; };
		E97018F72A664D23009289EF /* Color.swift in Sources */ = {isa = PBXBuildFile; fileRef = E97018F62A664D23009289EF /* Color.swift */; };
		E97018FD2A665015009289EF /* HomeView.swift in Sources */ = {isa = PBXBuildFile; fileRef = E97018FC2A665015009289EF /* HomeView.swift */; };
		E97019012A665135009289EF /* CircleButtonView.swift in Sources */ = {isa = PBXBuildFile; fileRef = E97019002A665135009289EF /* CircleButtonView.swift */; };
		E97019032A66537B009289EF /* CircleButtonAnimationView.swift in Sources */ = {isa = PBXBuildFile; fileRef = E97019022A66537B009289EF /* CircleButtonAnimationView.swift */; };
		E97019062A6655FF009289EF /* CoinModel.swift in Sources */ = {isa = PBXBuildFile; fileRef = E97019052A6655FF009289EF /* CoinModel.swift */; };
		E97019082A665D33009289EF /* CoinRowView.swift in Sources */ = {isa = PBXBuildFile; fileRef = E97019072A665D33009289EF /* CoinRowView.swift */; };
		E970190A2A665D9F009289EF /* PreviewProvider.swift in Sources */ = {isa = PBXBuildFile; fileRef = E97019092A665D9F009289EF /* PreviewProvider.swift */; };
		E970190C2A66639C009289EF /* Double.swift in Sources */ = {isa = PBXBuildFile; fileRef = E970190B2A66639C009289EF /* Double.swift */; };
		E970190E2A6677D4009289EF /* HomeViewModel.swift in Sources */ = {isa = PBXBuildFile; fileRef = E970190D2A6677D4009289EF /* HomeViewModel.swift */; };
		E97019112A66A211009289EF /* CoinDataService.swift in Sources */ = {isa = PBXBuildFile; fileRef = E97019102A66A211009289EF /* CoinDataService.swift */; };
		E97019142A66AFE6009289EF /* NetworkingManager.swift in Sources */ = {isa = PBXBuildFile; fileRef = E97019132A66AFE6009289EF /* NetworkingManager.swift */; };
		E97019172A66BFF7009289EF /* CoinImageView.swift in Sources */ = {isa = PBXBuildFile; fileRef = E97019162A66BFF7009289EF /* CoinImageView.swift */; };
		E97019192A66C307009289EF /* CoinImageService.swift in Sources */ = {isa = PBXBuildFile; fileRef = E97019182A66C307009289EF /* CoinImageService.swift */; };
		E970191B2A66C5A0009289EF /* CoinImageViewModel.swift in Sources */ = {isa = PBXBuildFile; fileRef = E970191A2A66C5A0009289EF /* CoinImageViewModel.swift */; };
		E970191D2A66D238009289EF /* LocalFileManager.swift in Sources */ = {isa = PBXBuildFile; fileRef = E970191C2A66D238009289EF /* LocalFileManager.swift */; };
		E9A8AE122A67B38D00ED9FD4 /* SearchBarView.swift in Sources */ = {isa = PBXBuildFile; fileRef = E9A8AE112A67B38D00ED9FD4 /* SearchBarView.swift */; };
		E9A8AE142A67C7C700ED9FD4 /* StatisticModel.swift in Sources */ = {isa = PBXBuildFile; fileRef = E9A8AE132A67C7C700ED9FD4 /* StatisticModel.swift */; };
		E9A8AE162A67C8F900ED9FD4 /* StatisticView.swift in Sources */ = {isa = PBXBuildFile; fileRef = E9A8AE152A67C8F900ED9FD4 /* StatisticView.swift */; };
		E9A8AE182A67CC5E00ED9FD4 /* HomeStatsView.swift in Sources */ = {isa = PBXBuildFile; fileRef = E9A8AE172A67CC5E00ED9FD4 /* HomeStatsView.swift */; };
		E9A8AE1A2A67D5F100ED9FD4 /* MarketDataModel.swift in Sources */ = {isa = PBXBuildFile; fileRef = E9A8AE192A67D5F100ED9FD4 /* MarketDataModel.swift */; };
		E9A8AE1C2A67D8C200ED9FD4 /* MarketDataService.swift in Sources */ = {isa = PBXBuildFile; fileRef = E9A8AE1B2A67D8C200ED9FD4 /* MarketDataService.swift */; };
		E9A8AE1E2A68422800ED9FD4 /* PortfolioView.swift in Sources */ = {isa = PBXBuildFile; fileRef = E9A8AE1D2A68422800ED9FD4 /* PortfolioView.swift */; };
		E9A8AE202A68453700ED9FD4 /* XMarkButton.swift in Sources */ = {isa = PBXBuildFile; fileRef = E9A8AE1F2A68453700ED9FD4 /* XMarkButton.swift */; };
		E9A8AE222A68484300ED9FD4 /* CoinLogoView.swift in Sources */ = {isa = PBXBuildFile; fileRef = E9A8AE212A68484300ED9FD4 /* CoinLogoView.swift */; };
		E9A8AE252A68844C00ED9FD4 /* PortfolioContainer.xcdatamodeld in Sources */ = {isa = PBXBuildFile; fileRef = E9A8AE232A68844C00ED9FD4 /* PortfolioContainer.xcdatamodeld */; };
		E9A8AE272A6884EE00ED9FD4 /* PortfolioDataService.swift in Sources */ = {isa = PBXBuildFile; fileRef = E9A8AE262A6884EE00ED9FD4 /* PortfolioDataService.swift */; };
		E9A8AE292A68A0D400ED9FD4 /* HapticManager.swift in Sources */ = {isa = PBXBuildFile; fileRef = E9A8AE282A68A0D400ED9FD4 /* HapticManager.swift */; };
		E9A8AE2E2A69264100ED9FD4 /* DetailView.swift in Sources */ = {isa = PBXBuildFile; fileRef = E9A8AE2D2A69264100ED9FD4 /* DetailView.swift */; };
		E9A8AE302A69330F00ED9FD4 /* CoinDetailModel.swift in Sources */ = {isa = PBXBuildFile; fileRef = E9A8AE2F2A69330F00ED9FD4 /* CoinDetailModel.swift */; };
		E9A8AE322A69334000ED9FD4 /* String.swift in Sources */ = {isa = PBXBuildFile; fileRef = E9A8AE312A69334000ED9FD4 /* String.swift */; };
		E9A8AE342A6934BC00ED9FD4 /* DetailViewModel.swift in Sources */ = {isa = PBXBuildFile; fileRef = E9A8AE332A6934BC00ED9FD4 /* DetailViewModel.swift */; };
		E9A8AE362A69350200ED9FD4 /* CoinDetailDataService.swift in Sources */ = {isa = PBXBuildFile; fileRef = E9A8AE352A69350200ED9FD4 /* CoinDetailDataService.swift */; };
		E9A8AE382A6953B000ED9FD4 /* ChartView.swift in Sources */ = {isa = PBXBuildFile; fileRef = E9A8AE372A6953B000ED9FD4 /* ChartView.swift */; };
		E9A8AE3A2A695B2200ED9FD4 /* Date.swift in Sources */ = {isa = PBXBuildFile; fileRef = E9A8AE392A695B2200ED9FD4 /* Date.swift */; };
		E9A8AE3F2A69826800ED9FD4 /* SettingsView.swift in Sources */ = {isa = PBXBuildFile; fileRef = E9A8AE3E2A69826800ED9FD4 /* SettingsView.swift */; };
		E9A8AE432A6A846F00ED9FD4 /* LaunchScreen.storyboard in Resources */ = {isa = PBXBuildFile; fileRef = E9A8AE422A6A846F00ED9FD4 /* LaunchScreen.storyboard */; };
		E9A8AE452A6A873700ED9FD4 /* LaunchView.swift in Sources */ = {isa = PBXBuildFile; fileRef = E9A8AE442A6A873700ED9FD4 /* LaunchView.swift */; };
/* End PBXBuildFile section */

/* Begin PBXFileReference section */
		E97018E22A664B8A009289EF /* CryptoList.app */ = {isa = PBXFileReference; explicitFileType = wrapper.application; includeInIndex = 0; path = CryptoList.app; sourceTree = BUILT_PRODUCTS_DIR; };
		E97018E52A664B8A009289EF /* CryptoListApp.swift */ = {isa = PBXFileReference; lastKnownFileType = sourcecode.swift; path = CryptoListApp.swift; sourceTree = "<group>"; };
		E97018EC2A664B8C009289EF /* Preview Assets.xcassets */ = {isa = PBXFileReference; lastKnownFileType = folder.assetcatalog; path = "Preview Assets.xcassets"; sourceTree = "<group>"; };
		E97018F32A664C8E009289EF /* Assets.xcassets */ = {isa = PBXFileReference; lastKnownFileType = folder.assetcatalog; name = Assets.xcassets; path = ../../../Downloads/Resources/Assets.xcassets; sourceTree = "<group>"; };
		E97018F62A664D23009289EF /* Color.swift */ = {isa = PBXFileReference; lastKnownFileType = sourcecode.swift; path = Color.swift; sourceTree = "<group>"; };
		E97018FC2A665015009289EF /* HomeView.swift */ = {isa = PBXFileReference; lastKnownFileType = sourcecode.swift; path = HomeView.swift; sourceTree = "<group>"; };
		E97019002A665135009289EF /* CircleButtonView.swift */ = {isa = PBXFileReference; lastKnownFileType = sourcecode.swift; path = CircleButtonView.swift; sourceTree = "<group>"; };
		E97019022A66537B009289EF /* CircleButtonAnimationView.swift */ = {isa = PBXFileReference; lastKnownFileType = sourcecode.swift; path = CircleButtonAnimationView.swift; sourceTree = "<group>"; };
		E97019052A6655FF009289EF /* CoinModel.swift */ = {isa = PBXFileReference; lastKnownFileType = sourcecode.swift; path = CoinModel.swift; sourceTree = "<group>"; };
		E97019072A665D33009289EF /* CoinRowView.swift */ = {isa = PBXFileReference; lastKnownFileType = sourcecode.swift; path = CoinRowView.swift; sourceTree = "<group>"; };
		E97019092A665D9F009289EF /* PreviewProvider.swift */ = {isa = PBXFileReference; lastKnownFileType = sourcecode.swift; path = PreviewProvider.swift; sourceTree = "<group>"; };
		E970190B2A66639C009289EF /* Double.swift */ = {isa = PBXFileReference; lastKnownFileType = sourcecode.swift; path = Double.swift; sourceTree = "<group>"; };
		E970190D2A6677D4009289EF /* HomeViewModel.swift */ = {isa = PBXFileReference; lastKnownFileType = sourcecode.swift; path = HomeViewModel.swift; sourceTree = "<group>"; };
		E97019102A66A211009289EF /* CoinDataService.swift */ = {isa = PBXFileReference; lastKnownFileType = sourcecode.swift; path = CoinDataService.swift; sourceTree = "<group>"; };
		E97019132A66AFE6009289EF /* NetworkingManager.swift */ = {isa = PBXFileReference; lastKnownFileType = sourcecode.swift; path = NetworkingManager.swift; sourceTree = "<group>"; };
		E97019162A66BFF7009289EF /* CoinImageView.swift */ = {isa = PBXFileReference; lastKnownFileType = sourcecode.swift; path = CoinImageView.swift; sourceTree = "<group>"; };
		E97019182A66C307009289EF /* CoinImageService.swift */ = {isa = PBXFileReference; lastKnownFileType = sourcecode.swift; path = CoinImageService.swift; sourceTree = "<group>"; };
		E970191A2A66C5A0009289EF /* CoinImageViewModel.swift */ = {isa = PBXFileReference; lastKnownFileType = sourcecode.swift; path = CoinImageViewModel.swift; sourceTree = "<group>"; };
		E970191C2A66D238009289EF /* LocalFileManager.swift */ = {isa = PBXFileReference; lastKnownFileType = sourcecode.swift; path = LocalFileManager.swift; sourceTree = "<group>"; };
		E9A8AE112A67B38D00ED9FD4 /* SearchBarView.swift */ = {isa = PBXFileReference; lastKnownFileType = sourcecode.swift; path = SearchBarView.swift; sourceTree = "<group>"; };
		E9A8AE132A67C7C700ED9FD4 /* StatisticModel.swift */ = {isa = PBXFileReference; lastKnownFileType = sourcecode.swift; path = StatisticModel.swift; sourceTree = "<group>"; };
		E9A8AE152A67C8F900ED9FD4 /* StatisticView.swift */ = {isa = PBXFileReference; lastKnownFileType = sourcecode.swift; path = StatisticView.swift; sourceTree = "<group>"; };
		E9A8AE172A67CC5E00ED9FD4 /* HomeStatsView.swift */ = {isa = PBXFileReference; lastKnownFileType = sourcecode.swift; path = HomeStatsView.swift; sourceTree = "<group>"; };
		E9A8AE192A67D5F100ED9FD4 /* MarketDataModel.swift */ = {isa = PBXFileReference; lastKnownFileType = sourcecode.swift; path = MarketDataModel.swift; sourceTree = "<group>"; };
		E9A8AE1B2A67D8C200ED9FD4 /* MarketDataService.swift */ = {isa = PBXFileReference; lastKnownFileType = sourcecode.swift; path = MarketDataService.swift; sourceTree = "<group>"; };
		E9A8AE1D2A68422800ED9FD4 /* PortfolioView.swift */ = {isa = PBXFileReference; lastKnownFileType = sourcecode.swift; path = PortfolioView.swift; sourceTree = "<group>"; };
		E9A8AE1F2A68453700ED9FD4 /* XMarkButton.swift */ = {isa = PBXFileReference; lastKnownFileType = sourcecode.swift; path = XMarkButton.swift; sourceTree = "<group>"; };
		E9A8AE212A68484300ED9FD4 /* CoinLogoView.swift */ = {isa = PBXFileReference; lastKnownFileType = sourcecode.swift; path = CoinLogoView.swift; sourceTree = "<group>"; };
		E9A8AE242A68844C00ED9FD4 /* PortfolioContainer.xcdatamodel */ = {isa = PBXFileReference; lastKnownFileType = wrapper.xcdatamodel; path = PortfolioContainer.xcdatamodel; sourceTree = "<group>"; };
		E9A8AE262A6884EE00ED9FD4 /* PortfolioDataService.swift */ = {isa = PBXFileReference; lastKnownFileType = sourcecode.swift; path = PortfolioDataService.swift; sourceTree = "<group>"; };
		E9A8AE282A68A0D400ED9FD4 /* HapticManager.swift */ = {isa = PBXFileReference; lastKnownFileType = sourcecode.swift; path = HapticManager.swift; sourceTree = "<group>"; };
		E9A8AE2D2A69264100ED9FD4 /* DetailView.swift */ = {isa = PBXFileReference; lastKnownFileType = sourcecode.swift; path = DetailView.swift; sourceTree = "<group>"; };
		E9A8AE2F2A69330F00ED9FD4 /* CoinDetailModel.swift */ = {isa = PBXFileReference; lastKnownFileType = sourcecode.swift; path = CoinDetailModel.swift; sourceTree = "<group>"; };
		E9A8AE312A69334000ED9FD4 /* String.swift */ = {isa = PBXFileReference; lastKnownFileType = sourcecode.swift; path = String.swift; sourceTree = "<group>"; };
		E9A8AE332A6934BC00ED9FD4 /* DetailViewModel.swift */ = {isa = PBXFileReference; lastKnownFileType = sourcecode.swift; path = DetailViewModel.swift; sourceTree = "<group>"; };
		E9A8AE352A69350200ED9FD4 /* CoinDetailDataService.swift */ = {isa = PBXFileReference; lastKnownFileType = sourcecode.swift; path = CoinDetailDataService.swift; sourceTree = "<group>"; };
		E9A8AE372A6953B000ED9FD4 /* ChartView.swift */ = {isa = PBXFileReference; lastKnownFileType = sourcecode.swift; path = ChartView.swift; sourceTree = "<group>"; };
		E9A8AE392A695B2200ED9FD4 /* Date.swift */ = {isa = PBXFileReference; lastKnownFileType = sourcecode.swift; path = Date.swift; sourceTree = "<group>"; };
		E9A8AE3E2A69826800ED9FD4 /* SettingsView.swift */ = {isa = PBXFileReference; lastKnownFileType = sourcecode.swift; path = SettingsView.swift; sourceTree = "<group>"; };
		E9A8AE422A6A846F00ED9FD4 /* LaunchScreen.storyboard */ = {isa = PBXFileReference; lastKnownFileType = file.storyboard; path = LaunchScreen.storyboard; sourceTree = "<group>"; };
		E9A8AE442A6A873700ED9FD4 /* LaunchView.swift */ = {isa = PBXFileReference; lastKnownFileType = sourcecode.swift; path = LaunchView.swift; sourceTree = "<group>"; };
/* End PBXFileReference section */

/* Begin PBXFrameworksBuildPhase section */
		E97018DF2A664B8A009289EF /* Frameworks */ = {
			isa = PBXFrameworksBuildPhase;
			buildActionMask = 2147483647;
			files = (
			);
			runOnlyForDeploymentPostprocessing = 0;
		};
/* End PBXFrameworksBuildPhase section */

/* Begin PBXGroup section */
		E97018D92A664B8A009289EF = {
			isa = PBXGroup;
			children = (
				E97018E42A664B8A009289EF /* CryptoList */,
				E97018E32A664B8A009289EF /* Products */,
			);
			sourceTree = "<group>";
		};
		E97018E32A664B8A009289EF /* Products */ = {
			isa = PBXGroup;
			children = (
				E97018E22A664B8A009289EF /* CryptoList.app */,
			);
			name = Products;
			sourceTree = "<group>";
		};
		E97018E42A664B8A009289EF /* CryptoList */ = {
			isa = PBXGroup;
			children = (
				E97018E52A664B8A009289EF /* CryptoListApp.swift */,
				E97019122A66AF9F009289EF /* Utilities */,
				E97018F52A664D0E009289EF /* Extensions */,
				E970190F2A66A1BE009289EF /* Services */,
				E97019042A6655E0009289EF /* Models */,
				E97018F82A664FE1009289EF /* Core */,
				E97018F32A664C8E009289EF /* Assets.xcassets */,
				E97018EB2A664B8C009289EF /* Preview Content */,
			);
			path = CryptoList;
			sourceTree = "<group>";
		};
		E97018EB2A664B8C009289EF /* Preview Content */ = {
			isa = PBXGroup;
			children = (
				E97018EC2A664B8C009289EF /* Preview Assets.xcassets */,
			);
			path = "Preview Content";
			sourceTree = "<group>";
		};
		E97018F52A664D0E009289EF /* Extensions */ = {
			isa = PBXGroup;
			children = (
				E97018F62A664D23009289EF /* Color.swift */,
				E97019092A665D9F009289EF /* PreviewProvider.swift */,
				E970190B2A66639C009289EF /* Double.swift */,
				E9A8AE312A69334000ED9FD4 /* String.swift */,
				E9A8AE392A695B2200ED9FD4 /* Date.swift */,
			);
			path = Extensions;
			sourceTree = "<group>";
		};
		E97018F82A664FE1009289EF /* Core */ = {
			isa = PBXGroup;
			children = (
				E97018F92A664FF7009289EF /* Home */,
				E97018FE2A665110009289EF /* Components */,
				E9A8AE402A6A845400ED9FD4 /* Launch */,
				E9A8AE2A2A69260000ED9FD4 /* Detail */,
				E9A8AE3B2A69821800ED9FD4 /* Settings */,
			);
			path = Core;
			sourceTree = "<group>";
		};
		E97018F92A664FF7009289EF /* Home */ = {
			isa = PBXGroup;
			children = (
				E97018FB2A665008009289EF /* ViewModel */,
				E97018FA2A665001009289EF /* Views */,
			);
			path = Home;
			sourceTree = "<group>";
		};
		E97018FA2A665001009289EF /* Views */ = {
			isa = PBXGroup;
			children = (
				E97018FC2A665015009289EF /* HomeView.swift */,
				E9A8AE1D2A68422800ED9FD4 /* PortfolioView.swift */,
				E97019072A665D33009289EF /* CoinRowView.swift */,
				E9A8AE172A67CC5E00ED9FD4 /* HomeStatsView.swift */,
			);
			path = Views;
			sourceTree = "<group>";
		};
		E97018FB2A665008009289EF /* ViewModel */ = {
			isa = PBXGroup;
			children = (
				E970190D2A6677D4009289EF /* HomeViewModel.swift */,
			);
			path = ViewModel;
			sourceTree = "<group>";
		};
		E97018FE2A665110009289EF /* Components */ = {
			isa = PBXGroup;
			children = (
				E97019152A66BFE4009289EF /* CoinImage */,
				E97018FF2A665127009289EF /* CircleButton */,
				E9A8AE112A67B38D00ED9FD4 /* SearchBarView.swift */,
				E9A8AE152A67C8F900ED9FD4 /* StatisticView.swift */,
				E9A8AE1F2A68453700ED9FD4 /* XMarkButton.swift */,
			);
			path = Components;
			sourceTree = "<group>";
		};
		E97018FF2A665127009289EF /* CircleButton */ = {
			isa = PBXGroup;
			children = (
				E97019002A665135009289EF /* CircleButtonView.swift */,
				E97019022A66537B009289EF /* CircleButtonAnimationView.swift */,
			);
			path = CircleButton;
			sourceTree = "<group>";
		};
		E97019042A6655E0009289EF /* Models */ = {
			isa = PBXGroup;
			children = (
				E97019052A6655FF009289EF /* CoinModel.swift */,
				E9A8AE2F2A69330F00ED9FD4 /* CoinDetailModel.swift */,
				E9A8AE132A67C7C700ED9FD4 /* StatisticModel.swift */,
				E9A8AE192A67D5F100ED9FD4 /* MarketDataModel.swift */,
				E9A8AE232A68844C00ED9FD4 /* PortfolioContainer.xcdatamodeld */,
			);
			path = Models;
			sourceTree = "<group>";
		};
		E970190F2A66A1BE009289EF /* Services */ = {
			isa = PBXGroup;
			children = (
				E97019102A66A211009289EF /* CoinDataService.swift */,
				E9A8AE352A69350200ED9FD4 /* CoinDetailDataService.swift */,
				E97019182A66C307009289EF /* CoinImageService.swift */,
				E9A8AE1B2A67D8C200ED9FD4 /* MarketDataService.swift */,
				E9A8AE262A6884EE00ED9FD4 /* PortfolioDataService.swift */,
			);
			path = Services;
			sourceTree = "<group>";
		};
		E97019122A66AF9F009289EF /* Utilities */ = {
			isa = PBXGroup;
			children = (
				E97019132A66AFE6009289EF /* NetworkingManager.swift */,
				E970191C2A66D238009289EF /* LocalFileManager.swift */,
				E9A8AE282A68A0D400ED9FD4 /* HapticManager.swift */,
			);
			path = Utilities;
			sourceTree = "<group>";
		};
		E97019152A66BFE4009289EF /* CoinImage */ = {
			isa = PBXGroup;
			children = (
				E97019162A66BFF7009289EF /* CoinImageView.swift */,
				E970191A2A66C5A0009289EF /* CoinImageViewModel.swift */,
				E9A8AE212A68484300ED9FD4 /* CoinLogoView.swift */,
			);
			path = CoinImage;
			sourceTree = "<group>";
		};
		E9A8AE2A2A69260000ED9FD4 /* Detail */ = {
			isa = PBXGroup;
			children = (
				E9A8AE2C2A69262600ED9FD4 /* ViewModels */,
				E9A8AE2B2A69261B00ED9FD4 /* Views */,
			);
			path = Detail;
			sourceTree = "<group>";
		};
		E9A8AE2B2A69261B00ED9FD4 /* Views */ = {
			isa = PBXGroup;
			children = (
				E9A8AE2D2A69264100ED9FD4 /* DetailView.swift */,
				E9A8AE372A6953B000ED9FD4 /* ChartView.swift */,
			);
			path = Views;
			sourceTree = "<group>";
		};
		E9A8AE2C2A69262600ED9FD4 /* ViewModels */ = {
			isa = PBXGroup;
			children = (
				E9A8AE332A6934BC00ED9FD4 /* DetailViewModel.swift */,
			);
			path = ViewModels;
			sourceTree = "<group>";
		};
		E9A8AE3B2A69821800ED9FD4 /* Settings */ = {
			isa = PBXGroup;
			children = (
				E9A8AE3C2A69824D00ED9FD4 /* Views */,
			);
			path = Settings;
			sourceTree = "<group>";
		};
		E9A8AE3C2A69824D00ED9FD4 /* Views */ = {
			isa = PBXGroup;
			children = (
				E9A8AE3E2A69826800ED9FD4 /* SettingsView.swift */,
			);
			path = Views;
			sourceTree = "<group>";
		};
		E9A8AE402A6A845400ED9FD4 /* Launch */ = {
			isa = PBXGroup;
			children = (
				E9A8AE412A6A846000ED9FD4 /* Views */,
			);
			path = Launch;
			sourceTree = "<group>";
		};
		E9A8AE412A6A846000ED9FD4 /* Views */ = {
			isa = PBXGroup;
			children = (
				E9A8AE422A6A846F00ED9FD4 /* LaunchScreen.storyboard */,
				E9A8AE442A6A873700ED9FD4 /* LaunchView.swift */,
			);
			path = Views;
			sourceTree = "<group>";
		};
/* End PBXGroup section */

/* Begin PBXNativeTarget section */
		E97018E12A664B8A009289EF /* CryptoList */ = {
			isa = PBXNativeTarget;
			buildConfigurationList = E97018F02A664B8C009289EF /* Build configuration list for PBXNativeTarget "CryptoList" */;
			buildPhases = (
				E97018DE2A664B8A009289EF /* Sources */,
				E97018DF2A664B8A009289EF /* Frameworks */,
				E97018E02A664B8A009289EF /* Resources */,
			);
			buildRules = (
			);
			dependencies = (
			);
			name = CryptoList;
			productName = CryptoList;
			productReference = E97018E22A664B8A009289EF /* CryptoList.app */;
			productType = "com.apple.product-type.application";
		};
/* End PBXNativeTarget section */

/* Begin PBXProject section */
		E97018DA2A664B8A009289EF /* Project object */ = {
			isa = PBXProject;
			attributes = {
				BuildIndependentTargetsInParallel = 1;
				LastSwiftUpdateCheck = 1430;
				LastUpgradeCheck = 1430;
				TargetAttributes = {
					E97018E12A664B8A009289EF = {
						CreatedOnToolsVersion = 14.3.1;
					};
				};
			};
			buildConfigurationList = E97018DD2A664B8A009289EF /* Build configuration list for PBXProject "CryptoList" */;
			compatibilityVersion = "Xcode 14.0";
			developmentRegion = en;
			hasScannedForEncodings = 0;
			knownRegions = (
				en,
				Base,
			);
			mainGroup = E97018D92A664B8A009289EF;
			productRefGroup = E97018E32A664B8A009289EF /* Products */;
			projectDirPath = "";
			projectRoot = "";
			targets = (
				E97018E12A664B8A009289EF /* CryptoList */,
			);
		};
/* End PBXProject section */

/* Begin PBXResourcesBuildPhase section */
		E97018E02A664B8A009289EF /* Resources */ = {
			isa = PBXResourcesBuildPhase;
			buildActionMask = 2147483647;
			files = (
				E9A8AE432A6A846F00ED9FD4 /* LaunchScreen.storyboard in Resources */,
				E97018ED2A664B8C009289EF /* Preview Assets.xcassets in Resources */,
				E97018F42A664C8E009289EF /* Assets.xcassets in Resources */,
			);
			runOnlyForDeploymentPostprocessing = 0;
		};
/* End PBXResourcesBuildPhase section */

/* Begin PBXSourcesBuildPhase section */
		E97018DE2A664B8A009289EF /* Sources */ = {
			isa = PBXSourcesBuildPhase;
			buildActionMask = 2147483647;
			files = (
				E9A8AE142A67C7C700ED9FD4 /* StatisticModel.swift in Sources */,
				E9A8AE1C2A67D8C200ED9FD4 /* MarketDataService.swift in Sources */,
				E9A8AE222A68484300ED9FD4 /* CoinLogoView.swift in Sources */,
				E9A8AE382A6953B000ED9FD4 /* ChartView.swift in Sources */,
				E9A8AE162A67C8F900ED9FD4 /* StatisticView.swift in Sources */,
				E97019112A66A211009289EF /* CoinDataService.swift in Sources */,
				E9A8AE3F2A69826800ED9FD4 /* SettingsView.swift in Sources */,
				E9A8AE452A6A873700ED9FD4 /* LaunchView.swift in Sources */,
				E9A8AE252A68844C00ED9FD4 /* PortfolioContainer.xcdatamodeld in Sources */,
				E9A8AE3A2A695B2200ED9FD4 /* Date.swift in Sources */,
				E97019082A665D33009289EF /* CoinRowView.swift in Sources */,
				E970190E2A6677D4009289EF /* HomeViewModel.swift in Sources */,
				E9A8AE302A69330F00ED9FD4 /* CoinDetailModel.swift in Sources */,
				E9A8AE1E2A68422800ED9FD4 /* PortfolioView.swift in Sources */,
				E970191D2A66D238009289EF /* LocalFileManager.swift in Sources */,
				E97018FD2A665015009289EF /* HomeView.swift in Sources */,
				E97019172A66BFF7009289EF /* CoinImageView.swift in Sources */,
				E9A8AE2E2A69264100ED9FD4 /* DetailView.swift in Sources */,
				E97018E62A664B8A009289EF /* CryptoListApp.swift in Sources */,
				E97019012A665135009289EF /* CircleButtonView.swift in Sources */,
				E9A8AE182A67CC5E00ED9FD4 /* HomeStatsView.swift in Sources */,
				E97018F72A664D23009289EF /* Color.swift in Sources */,
				E9A8AE1A2A67D5F100ED9FD4 /* MarketDataModel.swift in Sources */,
				E9A8AE272A6884EE00ED9FD4 /* PortfolioDataService.swift in Sources */,
				E9A8AE122A67B38D00ED9FD4 /* SearchBarView.swift in Sources */,
				E97019142A66AFE6009289EF /* NetworkingManager.swift in Sources */,
				E97019032A66537B009289EF /* CircleButtonAnimationView.swift in Sources */,
				E970191B2A66C5A0009289EF /* CoinImageViewModel.swift in Sources */,
				E970190A2A665D9F009289EF /* PreviewProvider.swift in Sources */,
				E9A8AE292A68A0D400ED9FD4 /* HapticManager.swift in Sources */,
				E9A8AE202A68453700ED9FD4 /* XMarkButton.swift in Sources */,
				E970190C2A66639C009289EF /* Double.swift in Sources */,
				E97019192A66C307009289EF /* CoinImageService.swift in Sources */,
				E9A8AE322A69334000ED9FD4 /* String.swift in Sources */,
				E9A8AE362A69350200ED9FD4 /* CoinDetailDataService.swift in Sources */,
				E9A8AE342A6934BC00ED9FD4 /* DetailViewModel.swift in Sources */,
				E97019062A6655FF009289EF /* CoinModel.swift in Sources */,
			);
			runOnlyForDeploymentPostprocessing = 0;
		};
/* End PBXSourcesBuildPhase section */

/* Begin XCBuildConfiguration section */
		E97018EE2A664B8C009289EF /* Debug */ = {
			isa = XCBuildConfiguration;
			buildSettings = {
				ALWAYS_SEARCH_USER_PATHS = NO;
				CLANG_ANALYZER_NONNULL = YES;
				CLANG_ANALYZER_NUMBER_OBJECT_CONVERSION = YES_AGGRESSIVE;
				CLANG_CXX_LANGUAGE_STANDARD = "gnu++20";
				CLANG_ENABLE_MODULES = YES;
				CLANG_ENABLE_OBJC_ARC = YES;
				CLANG_ENABLE_OBJC_WEAK = YES;
				CLANG_WARN_BLOCK_CAPTURE_AUTORELEASING = YES;
				CLANG_WARN_BOOL_CONVERSION = YES;
				CLANG_WARN_COMMA = YES;
				CLANG_WARN_CONSTANT_CONVERSION = YES;
				CLANG_WARN_DEPRECATED_OBJC_IMPLEMENTATIONS = YES;
				CLANG_WARN_DIRECT_OBJC_ISA_USAGE = YES_ERROR;
				CLANG_WARN_DOCUMENTATION_COMMENTS = YES;
				CLANG_WARN_EMPTY_BODY = YES;
				CLANG_WARN_ENUM_CONVERSION = YES;
				CLANG_WARN_INFINITE_RECURSION = YES;
				CLANG_WARN_INT_CONVERSION = YES;
				CLANG_WARN_NON_LITERAL_NULL_CONVERSION = YES;
				CLANG_WARN_OBJC_IMPLICIT_RETAIN_SELF = YES;
				CLANG_WARN_OBJC_LITERAL_CONVERSION = YES;
				CLANG_WARN_OBJC_ROOT_CLASS = YES_ERROR;
				CLANG_WARN_QUOTED_INCLUDE_IN_FRAMEWORK_HEADER = YES;
				CLANG_WARN_RANGE_LOOP_ANALYSIS = YES;
				CLANG_WARN_STRICT_PROTOTYPES = YES;
				CLANG_WARN_SUSPICIOUS_MOVE = YES;
				CLANG_WARN_UNGUARDED_AVAILABILITY = YES_AGGRESSIVE;
				CLANG_WARN_UNREACHABLE_CODE = YES;
				CLANG_WARN__DUPLICATE_METHOD_MATCH = YES;
				COPY_PHASE_STRIP = NO;
				DEBUG_INFORMATION_FORMAT = dwarf;
				ENABLE_STRICT_OBJC_MSGSEND = YES;
				ENABLE_TESTABILITY = YES;
				GCC_C_LANGUAGE_STANDARD = gnu11;
				GCC_DYNAMIC_NO_PIC = NO;
				GCC_NO_COMMON_BLOCKS = YES;
				GCC_OPTIMIZATION_LEVEL = 0;
				GCC_PREPROCESSOR_DEFINITIONS = (
					"DEBUG=1",
					"$(inherited)",
				);
				GCC_WARN_64_TO_32_BIT_CONVERSION = YES;
				GCC_WARN_ABOUT_RETURN_TYPE = YES_ERROR;
				GCC_WARN_UNDECLARED_SELECTOR = YES;
				GCC_WARN_UNINITIALIZED_AUTOS = YES_AGGRESSIVE;
				GCC_WARN_UNUSED_FUNCTION = YES;
				GCC_WARN_UNUSED_VARIABLE = YES;
				IPHONEOS_DEPLOYMENT_TARGET = 16.4;
				MTL_ENABLE_DEBUG_INFO = INCLUDE_SOURCE;
				MTL_FAST_MATH = YES;
				ONLY_ACTIVE_ARCH = YES;
				SDKROOT = iphoneos;
				SWIFT_ACTIVE_COMPILATION_CONDITIONS = DEBUG;
				SWIFT_OPTIMIZATION_LEVEL = "-Onone";
			};
			name = Debug;
		};
		E97018EF2A664B8C009289EF /* Release */ = {
			isa = XCBuildConfiguration;
			buildSettings = {
				ALWAYS_SEARCH_USER_PATHS = NO;
				CLANG_ANALYZER_NONNULL = YES;
				CLANG_ANALYZER_NUMBER_OBJECT_CONVERSION = YES_AGGRESSIVE;
				CLANG_CXX_LANGUAGE_STANDARD = "gnu++20";
				CLANG_ENABLE_MODULES = YES;
				CLANG_ENABLE_OBJC_ARC = YES;
				CLANG_ENABLE_OBJC_WEAK = YES;
				CLANG_WARN_BLOCK_CAPTURE_AUTORELEASING = YES;
				CLANG_WARN_BOOL_CONVERSION = YES;
				CLANG_WARN_COMMA = YES;
				CLANG_WARN_CONSTANT_CONVERSION = YES;
				CLANG_WARN_DEPRECATED_OBJC_IMPLEMENTATIONS = YES;
				CLANG_WARN_DIRECT_OBJC_ISA_USAGE = YES_ERROR;
				CLANG_WARN_DOCUMENTATION_COMMENTS = YES;
				CLANG_WARN_EMPTY_BODY = YES;
				CLANG_WARN_ENUM_CONVERSION = YES;
				CLANG_WARN_INFINITE_RECURSION = YES;
				CLANG_WARN_INT_CONVERSION = YES;
				CLANG_WARN_NON_LITERAL_NULL_CONVERSION = YES;
				CLANG_WARN_OBJC_IMPLICIT_RETAIN_SELF = YES;
				CLANG_WARN_OBJC_LITERAL_CONVERSION = YES;
				CLANG_WARN_OBJC_ROOT_CLASS = YES_ERROR;
				CLANG_WARN_QUOTED_INCLUDE_IN_FRAMEWORK_HEADER = YES;
				CLANG_WARN_RANGE_LOOP_ANALYSIS = YES;
				CLANG_WARN_STRICT_PROTOTYPES = YES;
				CLANG_WARN_SUSPICIOUS_MOVE = YES;
				CLANG_WARN_UNGUARDED_AVAILABILITY = YES_AGGRESSIVE;
				CLANG_WARN_UNREACHABLE_CODE = YES;
				CLANG_WARN__DUPLICATE_METHOD_MATCH = YES;
				COPY_PHASE_STRIP = NO;
				DEBUG_INFORMATION_FORMAT = "dwarf-with-dsym";
				ENABLE_NS_ASSERTIONS = NO;
				ENABLE_STRICT_OBJC_MSGSEND = YES;
				GCC_C_LANGUAGE_STANDARD = gnu11;
				GCC_NO_COMMON_BLOCKS = YES;
				GCC_WARN_64_TO_32_BIT_CONVERSION = YES;
				GCC_WARN_ABOUT_RETURN_TYPE = YES_ERROR;
				GCC_WARN_UNDECLARED_SELECTOR = YES;
				GCC_WARN_UNINITIALIZED_AUTOS = YES_AGGRESSIVE;
				GCC_WARN_UNUSED_FUNCTION = YES;
				GCC_WARN_UNUSED_VARIABLE = YES;
				IPHONEOS_DEPLOYMENT_TARGET = 16.4;
				MTL_ENABLE_DEBUG_INFO = NO;
				MTL_FAST_MATH = YES;
				SDKROOT = iphoneos;
				SWIFT_COMPILATION_MODE = wholemodule;
				SWIFT_OPTIMIZATION_LEVEL = "-O";
				VALIDATE_PRODUCT = YES;
			};
			name = Release;
		};
		E97018F12A664B8C009289EF /* Debug */ = {
			isa = XCBuildConfiguration;
			buildSettings = {
				ASSETCATALOG_COMPILER_APPICON_NAME = AppIcon;
				ASSETCATALOG_COMPILER_GLOBAL_ACCENT_COLOR_NAME = AccentColor;
				CODE_SIGN_STYLE = Automatic;
				CURRENT_PROJECT_VERSION = 1;
				DEVELOPMENT_ASSET_PATHS = "\"CryptoList/Preview Content\"";
				DEVELOPMENT_TEAM = 3V7H9MP56S;
				ENABLE_PREVIEWS = YES;
				GENERATE_INFOPLIST_FILE = YES;
				INFOPLIST_KEY_CFBundleDisplayName = "Crypto List";
				INFOPLIST_KEY_UIApplicationSceneManifest_Generation = YES;
				INFOPLIST_KEY_UIApplicationSupportsIndirectInputEvents = YES;
				INFOPLIST_KEY_UILaunchScreen_Generation = YES;
				INFOPLIST_KEY_UILaunchStoryboardName = LaunchScreen.storyboard;
				INFOPLIST_KEY_UISupportedInterfaceOrientations = UIInterfaceOrientationPortrait;
				INFOPLIST_KEY_UISupportedInterfaceOrientations_iPad = "UIInterfaceOrientationLandscapeLeft UIInterfaceOrientationLandscapeRight UIInterfaceOrientationPortrait UIInterfaceOrientationPortraitUpsideDown";
				LD_RUNPATH_SEARCH_PATHS = (
					"$(inherited)",
					"@executable_path/Frameworks",
				);
				MARKETING_VERSION = 1.0;
				PRODUCT_BUNDLE_IDENTIFIER = com.brave.CryptoList;
				PRODUCT_NAME = "$(TARGET_NAME)";
				SWIFT_EMIT_LOC_STRINGS = YES;
				SWIFT_VERSION = 5.0;
				TARGETED_DEVICE_FAMILY = "1,2";
			};
			name = Debug;
		};
		E97018F22A664B8C009289EF /* Release */ = {
			isa = XCBuildConfiguration;
			buildSettings = {
				ASSETCATALOG_COMPILER_APPICON_NAME = AppIcon;
				ASSETCATALOG_COMPILER_GLOBAL_ACCENT_COLOR_NAME = AccentColor;
				CODE_SIGN_STYLE = Automatic;
				CURRENT_PROJECT_VERSION = 1;
				DEVELOPMENT_ASSET_PATHS = "\"CryptoList/Preview Content\"";
				DEVELOPMENT_TEAM = 3V7H9MP56S;
				ENABLE_PREVIEWS = YES;
				GENERATE_INFOPLIST_FILE = YES;
				INFOPLIST_KEY_CFBundleDisplayName = "Crypto List";
				INFOPLIST_KEY_UIApplicationSceneManifest_Generation = YES;
				INFOPLIST_KEY_UIApplicationSupportsIndirectInputEvents = YES;
				INFOPLIST_KEY_UILaunchScreen_Generation = YES;
				INFOPLIST_KEY_UILaunchStoryboardName = LaunchScreen.storyboard;
				INFOPLIST_KEY_UISupportedInterfaceOrientations = UIInterfaceOrientationPortrait;
				INFOPLIST_KEY_UISupportedInterfaceOrientations_iPad = "UIInterfaceOrientationLandscapeLeft UIInterfaceOrientationLandscapeRight UIInterfaceOrientationPortrait UIInterfaceOrientationPortraitUpsideDown";
				LD_RUNPATH_SEARCH_PATHS = (
					"$(inherited)",
					"@executable_path/Frameworks",
				);
				MARKETING_VERSION = 1.0;
				PRODUCT_BUNDLE_IDENTIFIER = com.brave.CryptoList;
				PRODUCT_NAME = "$(TARGET_NAME)";
				SWIFT_EMIT_LOC_STRINGS = YES;
				SWIFT_VERSION = 5.0;
				TARGETED_DEVICE_FAMILY = "1,2";
			};
			name = Release;
		};
/* End XCBuildConfiguration section */

/* Begin XCConfigurationList section */
		E97018DD2A664B8A009289EF /* Build configuration list for PBXProject "CryptoList" */ = {
			isa = XCConfigurationList;
			buildConfigurations = (
				E97018EE2A664B8C009289EF /* Debug */,
				E97018EF2A664B8C009289EF /* Release */,
			);
			defaultConfigurationIsVisible = 0;
			defaultConfigurationName = Release;
		};
		E97018F02A664B8C009289EF /* Build configuration list for PBXNativeTarget "CryptoList" */ = {
			isa = XCConfigurationList;
			buildConfigurations = (
				E97018F12A664B8C009289EF /* Debug */,
				E97018F22A664B8C009289EF /* Release */,
			);
			defaultConfigurationIsVisible = 0;
			defaultConfigurationName = Release;
		};
/* End XCConfigurationList section */

/* Begin XCVersionGroup section */
		E9A8AE232A68844C00ED9FD4 /* PortfolioContainer.xcdatamodeld */ = {
			isa = XCVersionGroup;
			children = (
				E9A8AE242A68844C00ED9FD4 /* PortfolioContainer.xcdatamodel */,
			);
			currentVersion = E9A8AE242A68844C00ED9FD4 /* PortfolioContainer.xcdatamodel */;
			path = PortfolioContainer.xcdatamodeld;
			sourceTree = "<group>";
			versionGroupType = wrapper.xcdatamodel;
		};
/* End XCVersionGroup section */
	};
	rootObject = E97018DA2A664B8A009289EF /* Project object */;
}
